
Microsoft Visual Studio Solution File, Format Version 12.00
# Visual Studio Version 17
VisualStudioVersion = 17.5.33502.453
MinimumVisualStudioVersion = 10.0.40219.1
Project("{9A19103F-16F7-4668-BE54-9A1E7A4F7556}") = "Consumer", "Consumer.csproj", "{1CB1C00E-F6FE-436F-A101-83BCA140AFB3}"
EndProject
Project("{9A19103F-16F7-4668-BE54-9A1E7A4F7556}") = "Publisher", "..\Publisher\Publisher.csproj", "{D5638BD6-C960-4F84-881B-4F61EA42DEE5}"
EndProject
Project("{9A19103F-16F7-4668-BE54-9A1E7A4F7556}") = "Shared", "..\Shared\Shared.csproj", "{BBADE8C0-B157-4CDE-A889-47DAE56CBD83}"
EndProject
Global
	GlobalSection(SolutionConfigurationPlatforms) = preSolution
		Debug|Any CPU = Debug|Any CPU
		Release|Any CPU = Release|Any CPU
	EndGlobalSection
	GlobalSection(ProjectConfigurationPlatforms) = postSolution
		{1CB1C00E-F6FE-436F-A101-83BCA140AFB3}.Debug|Any CPU.ActiveCfg = Debug|Any CPU
		{1CB1C00E-F6FE-436F-A101-83BCA140AFB3}.Debug|Any CPU.Build.0 = Debug|Any CPU
		{1CB1C00E-F6FE-436F-A101-83BCA140AFB3}.Release|Any CPU.ActiveCfg = Release|Any CPU
		{1CB1C00E-F6FE-436F-A101-83BCA140AFB3}.Release|Any CPU.Build.0 = Release|Any CPU
		{D5638BD6-C960-4F84-881B-4F61EA42DEE5}.Debug|Any CPU.ActiveCfg = Debug|Any CPU
		{D5638BD6-C960-4F84-881B-4F61EA42DEE5}.Debug|Any CPU.Build.0 = Debug|Any CPU
		{D5638BD6-C960-4F84-881B-4F61EA42DEE5}.Release|Any CPU.ActiveCfg = Release|Any CPU
		{D5638BD6-C960-4F84-881B-4F61EA42DEE5}.Release|Any CPU.Build.0 = Release|Any CPU
		{BBADE8C0-B157-4CDE-A889-47DAE56CBD83}.Debug|Any CPU.ActiveCfg = Debug|Any CPU
		{BBADE8C0-B157-4CDE-A889-47DAE56CBD83}.Debug|Any CPU.Build.0 = Debug|Any CPU
		{BBADE8C0-B157-4CDE-A889-47DAE56CBD83}.Release|Any CPU.ActiveCfg = Release|Any CPU
		{BBADE8C0-B157-4CDE-A889-47DAE56CBD83}.Release|Any CPU.Build.0 = Release|Any CPU
	EndGlobalSection
	GlobalSection(SolutionProperties) = preSolution
		HideSolutionNode = FALSE
	EndGlobalSection
	GlobalSection(ExtensibilityGlobals) = postSolution
		SolutionGuid = {2CB8E414-B365-412E-B475-866AB9FB54CE}
	EndGlobalSection
EndGlobal
